
Microsoft Visual Studio Solution File, Format Version 12.00
# Visual Studio 2013
VisualStudioVersion = 12.0.31101.0
MinimumVisualStudioVersion = 10.0.40219.1
Project("{F2A71F9B-5D33-465A-A702-920D77279786}") = "Ticker.FSharp.Client", "Ticket.FSharp.Client\Ticker.FSharp.Client.fsproj", "{CF6F8909-BD1C-4727-AB59-C259DCFE9181}"
EndProject
Project("{FAE04EC0-301F-11D3-BF4B-00C04F79EFBC}") = "Ticker.CSharp.Client", "Ticker.CSharp.Client\Ticker.CSharp.Client.csproj", "{BF382F8F-DD20-44A8-84F3-4583901E2C6C}"
EndProject
Project("{F2A71F9B-5D33-465A-A702-920D77279786}") = "Ticker.FSharp", "Ticker\Ticker.FSharp.fsproj", "{D7C1A8F4-2063-47AD-9A2C-AE2DAD17E7EA}"
EndProject
Project("{FAE04EC0-301F-11D3-BF4B-00C04F79EFBC}") = "SignalR.Ticker.FSharp", "Samples\SignalR.Ticker.FSharp\SignalR.Ticker.FSharp.csproj", "{F134DABE-8746-4C53-AE14-2E5A1BB182C5}"
EndProject
Global
	GlobalSection(SolutionConfigurationPlatforms) = preSolution
		Debug|Any CPU = Debug|Any CPU
		Release|Any CPU = Release|Any CPU
	EndGlobalSection
	GlobalSection(ProjectConfigurationPlatforms) = postSolution
		{CF6F8909-BD1C-4727-AB59-C259DCFE9181}.Debug|Any CPU.ActiveCfg = Debug|Any CPU
		{CF6F8909-BD1C-4727-AB59-C259DCFE9181}.Debug|Any CPU.Build.0 = Debug|Any CPU
		{CF6F8909-BD1C-4727-AB59-C259DCFE9181}.Release|Any CPU.ActiveCfg = Release|Any CPU
		{CF6F8909-BD1C-4727-AB59-C259DCFE9181}.Release|Any CPU.Build.0 = Release|Any CPU
		{BF382F8F-DD20-44A8-84F3-4583901E2C6C}.Debug|Any CPU.ActiveCfg = Debug|Any CPU
		{BF382F8F-DD20-44A8-84F3-4583901E2C6C}.Debug|Any CPU.Build.0 = Debug|Any CPU
		{BF382F8F-DD20-44A8-84F3-4583901E2C6C}.Release|Any CPU.ActiveCfg = Release|Any CPU
		{BF382F8F-DD20-44A8-84F3-4583901E2C6C}.Release|Any CPU.Build.0 = Release|Any CPU
		{D7C1A8F4-2063-47AD-9A2C-AE2DAD17E7EA}.Debug|Any CPU.ActiveCfg = Debug|Any CPU
		{D7C1A8F4-2063-47AD-9A2C-AE2DAD17E7EA}.Debug|Any CPU.Build.0 = Debug|Any CPU
		{D7C1A8F4-2063-47AD-9A2C-AE2DAD17E7EA}.Release|Any CPU.ActiveCfg = Release|Any CPU
		{D7C1A8F4-2063-47AD-9A2C-AE2DAD17E7EA}.Release|Any CPU.Build.0 = Release|Any CPU
		{F134DABE-8746-4C53-AE14-2E5A1BB182C5}.Debug|Any CPU.ActiveCfg = Debug|Any CPU
		{F134DABE-8746-4C53-AE14-2E5A1BB182C5}.Debug|Any CPU.Build.0 = Debug|Any CPU
		{F134DABE-8746-4C53-AE14-2E5A1BB182C5}.Release|Any CPU.ActiveCfg = Release|Any CPU
		{F134DABE-8746-4C53-AE14-2E5A1BB182C5}.Release|Any CPU.Build.0 = Release|Any CPU
	EndGlobalSection
	GlobalSection(SolutionProperties) = preSolution
		HideSolutionNode = FALSE
	EndGlobalSection
EndGlobal
